
Microsoft Visual Studio Solution File, Format Version 12.00
# Visual Studio Version 16
VisualStudioVersion = 16.0.29025.244
MinimumVisualStudioVersion = 10.0.40219.1
Project("{FAE04EC0-301F-11D3-BF4B-00C04F79EFBC}") = "G1_N1", "G1_N1\G1_N1.csproj", "{9F59F852-F132-4325-80D7-0F5A16CBD357}"
EndProject
Global
	GlobalSection(SolutionConfigurationPlatforms) = preSolution
		Debug|Any CPU = Debug|Any CPU
		Release|Any CPU = Release|Any CPU
	EndGlobalSection
	GlobalSection(ProjectConfigurationPlatforms) = postSolution
		{9F59F852-F132-4325-80D7-0F5A16CBD357}.Debug|Any CPU.ActiveCfg = Debug|Any CPU
		{9F59F852-F132-4325-80D7-0F5A16CBD357}.Debug|Any CPU.Build.0 = Debug|Any CPU
		{9F59F852-F132-4325-80D7-0F5A16CBD357}.Release|Any CPU.ActiveCfg = Release|Any CPU
		{9F59F852-F132-4325-80D7-0F5A16CBD357}.Release|Any CPU.Build.0 = Release|Any CPU
	EndGlobalSection
	GlobalSection(SolutionProperties) = preSolution
		HideSolutionNode = FALSE
	EndGlobalSection
	GlobalSection(ExtensibilityGlobals) = postSolution
		SolutionGuid = {AE3BCF04-868B-48F0-9756-1A2D3894CD16}
	EndGlobalSection
EndGlobal
